{
  "name": "ReactFlightRezervation",
  "lockfileVersion": 3,
  "requires": true,
  "packages": {
    "": {
      "dependencies": {
        "react": "^17.0.2",
        "scripts": "^0.1.0"
      }
    },
    "node_modules/js-tokens": {
      "version": "4.0.0",
      "license": "MIT"
    },
    "node_modules/loose-envify": {
      "version": "1.4.0",
      "license": "MIT",
      "dependencies": {
        "js-tokens": "^3.0.0 || ^4.0.0"
      },
      "bin": {
        "loose-envify": "cli.js"
      }
    },
    "node_modules/object-assign": {
      "version": "4.1.1",
      "license": "MIT",
      "engines": {
        "node": ">=0.10.0"
      }
    },
    "node_modules/react": {
      "version": "17.0.2",
      "resolved": "https://registry.npmjs.org/react/-/react-17.0.2.tgz",
      "integrity": "sha512-gnhPt75i/dq/z3/6q/0asP78D0u592D5L1pd7M8P+dck6Fu/jJeL6iVVK23fptSUZj8Vjf++7wXA8UNclGQcbA==",
      "dependencies": {
        "loose-envify": "^1.1.0",
        "object-assign": "^4.1.1"
      },
      "engines": {
        "node": ">=0.10.0"
      }
    },
    "node_modules/scripts": {
      "version": "0.1.0",
      "resolved": "https://registry.npmjs.org/scripts/-/scripts-0.1.0.tgz",
      "integrity": "sha512-URMy4uj80+USxik0E+P7OeagdYGRM6vJQ+8zADRRNjcoIVdouxB7B60P4G4y20TizSGXdE0nAW5sSM1IIXa3hw==",
      "engines": {
        "node": ">= 0.4.0"
      }
    }
  }
}
